
Microsoft Visual Studio Solution File, Format Version 9.00
# Visual Studio 2005
Project("{8BC9CEB8-8B4A-11D0-8D11-00A0C91BC942}") = "WebControlDemo", "WebControlDemo\WebControlDemo.vcproj", "{D5169717-27AD-4EAD-8B61-9019CC131AB2}"
EndProject
Global
	GlobalSection(SolutionConfigurationPlatforms) = preSolution
		Debug|CHSINT SDK For WinCE 6.0 (ARMV4I) = Debug|CHSINT SDK For WinCE 6.0 (ARMV4I)
		Debug|EPCS-9000 (ARMV4I) = Debug|EPCS-9000 (ARMV4I)
		Release|CHSINT SDK For WinCE 6.0 (ARMV4I) = Release|CHSINT SDK For WinCE 6.0 (ARMV4I)
		Release|EPCS-9000 (ARMV4I) = Release|EPCS-9000 (ARMV4I)
	EndGlobalSection
	GlobalSection(ProjectConfigurationPlatforms) = postSolution
		{D5169717-27AD-4EAD-8B61-9019CC131AB2}.Debug|CHSINT SDK For WinCE 6.0 (ARMV4I).ActiveCfg = Debug|CHSINT SDK For WinCE 6.0 (ARMV4I)
		{D5169717-27AD-4EAD-8B61-9019CC131AB2}.Debug|CHSINT SDK For WinCE 6.0 (ARMV4I).Build.0 = Debug|CHSINT SDK For WinCE 6.0 (ARMV4I)
		{D5169717-27AD-4EAD-8B61-9019CC131AB2}.Debug|CHSINT SDK For WinCE 6.0 (ARMV4I).Deploy.0 = Debug|CHSINT SDK For WinCE 6.0 (ARMV4I)
		{D5169717-27AD-4EAD-8B61-9019CC131AB2}.Debug|EPCS-9000 (ARMV4I).ActiveCfg = Debug|EPCS-9000 (ARMV4I)
		{D5169717-27AD-4EAD-8B61-9019CC131AB2}.Debug|EPCS-9000 (ARMV4I).Build.0 = Debug|EPCS-9000 (ARMV4I)
		{D5169717-27AD-4EAD-8B61-9019CC131AB2}.Debug|EPCS-9000 (ARMV4I).Deploy.0 = Debug|EPCS-9000 (ARMV4I)
		{D5169717-27AD-4EAD-8B61-9019CC131AB2}.Release|CHSINT SDK For WinCE 6.0 (ARMV4I).ActiveCfg = Release|CHSINT SDK For WinCE 6.0 (ARMV4I)
		{D5169717-27AD-4EAD-8B61-9019CC131AB2}.Release|CHSINT SDK For WinCE 6.0 (ARMV4I).Build.0 = Release|CHSINT SDK For WinCE 6.0 (ARMV4I)
		{D5169717-27AD-4EAD-8B61-9019CC131AB2}.Release|CHSINT SDK For WinCE 6.0 (ARMV4I).Deploy.0 = Release|CHSINT SDK For WinCE 6.0 (ARMV4I)
		{D5169717-27AD-4EAD-8B61-9019CC131AB2}.Release|EPCS-9000 (ARMV4I).ActiveCfg = Release|EPCS-9000 (ARMV4I)
		{D5169717-27AD-4EAD-8B61-9019CC131AB2}.Release|EPCS-9000 (ARMV4I).Build.0 = Release|EPCS-9000 (ARMV4I)
		{D5169717-27AD-4EAD-8B61-9019CC131AB2}.Release|EPCS-9000 (ARMV4I).Deploy.0 = Release|EPCS-9000 (ARMV4I)
	EndGlobalSection
	GlobalSection(SolutionProperties) = preSolution
		HideSolutionNode = FALSE
	EndGlobalSection
EndGlobal
